// !$*UTF8*$!
{
	archiveVersion = 1;
	classes = {
	};
	objectVersion = 50;
	objects = {

/* Begin PBXBuildFile section */
		DADE8CC6232E77720057B0BB /* AppDelegate.swift in Sources */ = {isa = PBXBuildFile; fileRef = DADE8CC5232E77720057B0BB /* AppDelegate.swift */; };
		DADE8CC8232E77720057B0BB /* ViewController.swift in Sources */ = {isa = PBXBuildFile; fileRef = DADE8CC7232E77720057B0BB /* ViewController.swift */; };
		DADE8CCD232E77730057B0BB /* Assets.xcassets in Resources */ = {isa = PBXBuildFile; fileRef = DADE8CCC232E77730057B0BB /* Assets.xcassets */; };
		DADE8CDB232E77730057B0BB /* RuckSackTests.swift in Sources */ = {isa = PBXBuildFile; fileRef = DADE8CDA232E77730057B0BB /* RuckSackTests.swift */; };
		DADE8CEB232E7C940057B0BB /* Main.storyboard in Resources */ = {isa = PBXBuildFile; fileRef = DADE8CE9232E7C940057B0BB /* Main.storyboard */; };
		DADE8CEC232E7C940057B0BB /* LaunchScreen.storyboard in Resources */ = {isa = PBXBuildFile; fileRef = DADE8CEA232E7C940057B0BB /* LaunchScreen.storyboard */; };
		DADE8CF5232E7D1D0057B0BB /* WeatherViewController.swift in Sources */ = {isa = PBXBuildFile; fileRef = DADE8CEE232E7D1D0057B0BB /* WeatherViewController.swift */; };
		DADE8CF6232E7D1D0057B0BB /* ExchangeViewController.swift in Sources */ = {isa = PBXBuildFile; fileRef = DADE8CEF232E7D1D0057B0BB /* ExchangeViewController.swift */; };
		DADE8CF7232E7D1D0057B0BB /* LanguageCell.swift in Sources */ = {isa = PBXBuildFile; fileRef = DADE8CF0232E7D1D0057B0BB /* LanguageCell.swift */; };
		DADE8CF8232E7D1D0057B0BB /* ExchangeCell.swift in Sources */ = {isa = PBXBuildFile; fileRef = DADE8CF1232E7D1D0057B0BB /* ExchangeCell.swift */; };
		DADE8CF9232E7D1D0057B0BB /* ViewController.swift in Sources */ = {isa = PBXBuildFile; fileRef = DADE8CF2232E7D1D0057B0BB /* ViewController.swift */; };
		DADE8CFA232E7D1D0057B0BB /* TranslatorViewController.swift in Sources */ = {isa = PBXBuildFile; fileRef = DADE8CF3232E7D1D0057B0BB /* TranslatorViewController.swift */; };
/* End PBXBuildFile section */

/* Begin PBXContainerItemProxy section */
		DADE8CD7232E77730057B0BB /* PBXContainerItemProxy */ = {
			isa = PBXContainerItemProxy;
			containerPortal = DADE8CBA232E77720057B0BB /* Project object */;
			proxyType = 1;
			remoteGlobalIDString = DADE8CC1232E77720057B0BB;
			remoteInfo = RuckSack;
		};
/* End PBXContainerItemProxy section */

/* Begin PBXFileReference section */
		DADE8CC2232E77720057B0BB /* RuckSack.app */ = {isa = PBXFileReference; explicitFileType = wrapper.application; includeInIndex = 0; path = RuckSack.app; sourceTree = BUILT_PRODUCTS_DIR; };
		DADE8CC5232E77720057B0BB /* AppDelegate.swift */ = {isa = PBXFileReference; lastKnownFileType = sourcecode.swift; path = AppDelegate.swift; sourceTree = "<group>"; };
		DADE8CC7232E77720057B0BB /* ViewController.swift */ = {isa = PBXFileReference; lastKnownFileType = sourcecode.swift; path = ViewController.swift; sourceTree = "<group>"; };
		DADE8CCC232E77730057B0BB /* Assets.xcassets */ = {isa = PBXFileReference; lastKnownFileType = folder.assetcatalog; path = Assets.xcassets; sourceTree = "<group>"; };
		DADE8CD1232E77730057B0BB /* Info.plist */ = {isa = PBXFileReference; lastKnownFileType = text.plist.xml; path = Info.plist; sourceTree = "<group>"; };
		DADE8CD6232E77730057B0BB /* RuckSackTests.xctest */ = {isa = PBXFileReference; explicitFileType = wrapper.cfbundle; includeInIndex = 0; path = RuckSackTests.xctest; sourceTree = BUILT_PRODUCTS_DIR; };
		DADE8CDA232E77730057B0BB /* RuckSackTests.swift */ = {isa = PBXFileReference; lastKnownFileType = sourcecode.swift; path = RuckSackTests.swift; sourceTree = "<group>"; };
		DADE8CDC232E77730057B0BB /* Info.plist */ = {isa = PBXFileReference; lastKnownFileType = text.plist.xml; path = Info.plist; sourceTree = "<group>"; };
		DADE8CE9232E7C940057B0BB /* Main.storyboard */ = {isa = PBXFileReference; fileEncoding = 4; lastKnownFileType = file.storyboard; path = Main.storyboard; sourceTree = "<group>"; };
		DADE8CEA232E7C940057B0BB /* LaunchScreen.storyboard */ = {isa = PBXFileReference; fileEncoding = 4; lastKnownFileType = file.storyboard; path = LaunchScreen.storyboard; sourceTree = "<group>"; };
		DADE8CEE232E7D1D0057B0BB /* WeatherViewController.swift */ = {isa = PBXFileReference; fileEncoding = 4; lastKnownFileType = sourcecode.swift; path = WeatherViewController.swift; sourceTree = "<group>"; };
		DADE8CEF232E7D1D0057B0BB /* ExchangeViewController.swift */ = {isa = PBXFileReference; fileEncoding = 4; lastKnownFileType = sourcecode.swift; path = ExchangeViewController.swift; sourceTree = "<group>"; };
		DADE8CF0232E7D1D0057B0BB /* LanguageCell.swift */ = {isa = PBXFileReference; fileEncoding = 4; lastKnownFileType = sourcecode.swift; path = LanguageCell.swift; sourceTree = "<group>"; };
		DADE8CF1232E7D1D0057B0BB /* ExchangeCell.swift */ = {isa = PBXFileReference; fileEncoding = 4; lastKnownFileType = sourcecode.swift; path = ExchangeCell.swift; sourceTree = "<group>"; };
		DADE8CF2232E7D1D0057B0BB /* ViewController.swift */ = {isa = PBXFileReference; fileEncoding = 4; lastKnownFileType = sourcecode.swift; path = ViewController.swift; sourceTree = "<group>"; };
		DADE8CF3232E7D1D0057B0BB /* TranslatorViewController.swift */ = {isa = PBXFileReference; fileEncoding = 4; lastKnownFileType = sourcecode.swift; path = TranslatorViewController.swift; sourceTree = "<group>"; };
/* End PBXFileReference section */

/* Begin PBXFrameworksBuildPhase section */
		DADE8CBF232E77720057B0BB /* Frameworks */ = {
			isa = PBXFrameworksBuildPhase;
			buildActionMask = 2147483647;
			files = (
			);
			runOnlyForDeploymentPostprocessing = 0;
		};
		DADE8CD3232E77730057B0BB /* Frameworks */ = {
			isa = PBXFrameworksBuildPhase;
			buildActionMask = 2147483647;
			files = (
			);
			runOnlyForDeploymentPostprocessing = 0;
		};
/* End PBXFrameworksBuildPhase section */

/* Begin PBXGroup section */
		DADE8CB9232E77720057B0BB = {
			isa = PBXGroup;
			children = (
				DADE8CC4232E77720057B0BB /* RuckSack */,
				DADE8CD9232E77730057B0BB /* RuckSackTests */,
				DADE8CC3232E77720057B0BB /* Products */,
			);
			sourceTree = "<group>";
		};
		DADE8CC3232E77720057B0BB /* Products */ = {
			isa = PBXGroup;
			children = (
				DADE8CC2232E77720057B0BB /* RuckSack.app */,
				DADE8CD6232E77730057B0BB /* RuckSackTests.xctest */,
			);
			name = Products;
			sourceTree = "<group>";
		};
		DADE8CC4232E77720057B0BB /* RuckSack */ = {
			isa = PBXGroup;
			children = (
				DADE8CE8232E7C3E0057B0BB /* Model */,
				DADE8CE7232E7C350057B0BB /* View */,
				DADE8CE6232E7C250057B0BB /* Controller */,
				DADE8CE5232E7C130057B0BB /* Extension */,
				DADE8CC5232E77720057B0BB /* AppDelegate.swift */,
				DADE8CC7232E77720057B0BB /* ViewController.swift */,
				DADE8CCC232E77730057B0BB /* Assets.xcassets */,
				DADE8CD1232E77730057B0BB /* Info.plist */,
			);
			path = RuckSack;
			sourceTree = "<group>";
		};
		DADE8CD9232E77730057B0BB /* RuckSackTests */ = {
			isa = PBXGroup;
			children = (
				DADE8CDA232E77730057B0BB /* RuckSackTests.swift */,
				DADE8CDC232E77730057B0BB /* Info.plist */,
			);
			path = RuckSackTests;
			sourceTree = "<group>";
		};
		DADE8CE5232E7C130057B0BB /* Extension */ = {
			isa = PBXGroup;
			children = (
			);
			path = Extension;
			sourceTree = "<group>";
		};
		DADE8CE6232E7C250057B0BB /* Controller */ = {
			isa = PBXGroup;
			children = (
				DADE8CF1232E7D1D0057B0BB /* ExchangeCell.swift */,
				DADE8CEF232E7D1D0057B0BB /* ExchangeViewController.swift */,
				DADE8CF0232E7D1D0057B0BB /* LanguageCell.swift */,
				DADE8CF3232E7D1D0057B0BB /* TranslatorViewController.swift */,
				DADE8CF2232E7D1D0057B0BB /* ViewController.swift */,
				DADE8CEE232E7D1D0057B0BB /* WeatherViewController.swift */,
			);
			path = Controller;
			sourceTree = "<group>";
		};
		DADE8CE7232E7C350057B0BB /* View */ = {
			isa = PBXGroup;
			children = (
				DADE8CE9232E7C940057B0BB /* Main.storyboard */,
				DADE8CEA232E7C940057B0BB /* LaunchScreen.storyboard */,
			);
			path = View;
			sourceTree = "<group>";
		};
		DADE8CE8232E7C3E0057B0BB /* Model */ = {
			isa = PBXGroup;
			children = (
			);
			path = Model;
			sourceTree = "<group>";
		};
/* End PBXGroup section */

/* Begin PBXNativeTarget section */
		DADE8CC1232E77720057B0BB /* RuckSack */ = {
			isa = PBXNativeTarget;
			buildConfigurationList = DADE8CDF232E77730057B0BB /* Build configuration list for PBXNativeTarget "RuckSack" */;
			buildPhases = (
				DADE8CBE232E77720057B0BB /* Sources */,
				DADE8CBF232E77720057B0BB /* Frameworks */,
				DADE8CC0232E77720057B0BB /* Resources */,
			);
			buildRules = (
			);
			dependencies = (
			);
			name = RuckSack;
			productName = RuckSack;
			productReference = DADE8CC2232E77720057B0BB /* RuckSack.app */;
			productType = "com.apple.product-type.application";
		};
		DADE8CD5232E77730057B0BB /* RuckSackTests */ = {
			isa = PBXNativeTarget;
			buildConfigurationList = DADE8CE2232E77730057B0BB /* Build configuration list for PBXNativeTarget "RuckSackTests" */;
			buildPhases = (
				DADE8CD2232E77730057B0BB /* Sources */,
				DADE8CD3232E77730057B0BB /* Frameworks */,
				DADE8CD4232E77730057B0BB /* Resources */,
			);
			buildRules = (
			);
			dependencies = (
				DADE8CD8232E77730057B0BB /* PBXTargetDependency */,
			);
			name = RuckSackTests;
			productName = RuckSackTests;
			productReference = DADE8CD6232E77730057B0BB /* RuckSackTests.xctest */;
			productType = "com.apple.product-type.bundle.unit-test";
		};
/* End PBXNativeTarget section */

/* Begin PBXProject section */
		DADE8CBA232E77720057B0BB /* Project object */ = {
			isa = PBXProject;
			attributes = {
				LastSwiftUpdateCheck = 1030;
				LastUpgradeCheck = 1030;
				ORGANIZATIONNAME = "Patrick Wiley";
				TargetAttributes = {
					DADE8CC1232E77720057B0BB = {
						CreatedOnToolsVersion = 10.3;
					};
					DADE8CD5232E77730057B0BB = {
						CreatedOnToolsVersion = 10.3;
						TestTargetID = DADE8CC1232E77720057B0BB;
					};
				};
			};
			buildConfigurationList = DADE8CBD232E77720057B0BB /* Build configuration list for PBXProject "RuckSack" */;
			compatibilityVersion = "Xcode 9.3";
			developmentRegion = en;
			hasScannedForEncodings = 0;
			knownRegions = (
				en,
				Base,
			);
			mainGroup = DADE8CB9232E77720057B0BB;
			productRefGroup = DADE8CC3232E77720057B0BB /* Products */;
			projectDirPath = "";
			projectRoot = "";
			targets = (
				DADE8CC1232E77720057B0BB /* RuckSack */,
				DADE8CD5232E77730057B0BB /* RuckSackTests */,
			);
		};
/* End PBXProject section */

/* Begin PBXResourcesBuildPhase section */
		DADE8CC0232E77720057B0BB /* Resources */ = {
			isa = PBXResourcesBuildPhase;
			buildActionMask = 2147483647;
			files = (
				DADE8CCD232E77730057B0BB /* Assets.xcassets in Resources */,
				DADE8CEC232E7C940057B0BB /* LaunchScreen.storyboard in Resources */,
				DADE8CEB232E7C940057B0BB /* Main.storyboard in Resources */,
			);
			runOnlyForDeploymentPostprocessing = 0;
		};
		DADE8CD4232E77730057B0BB /* Resources */ = {
			isa = PBXResourcesBuildPhase;
			buildActionMask = 2147483647;
			files = (
			);
			runOnlyForDeploymentPostprocessing = 0;
		};
/* End PBXResourcesBuildPhase section */

/* Begin PBXSourcesBuildPhase section */
		DADE8CBE232E77720057B0BB /* Sources */ = {
			isa = PBXSourcesBuildPhase;
			buildActionMask = 2147483647;
			files = (
				DADE8CF8232E7D1D0057B0BB /* ExchangeCell.swift in Sources */,
				DADE8CC8232E77720057B0BB /* ViewController.swift in Sources */,
				DADE8CFA232E7D1D0057B0BB /* TranslatorViewController.swift in Sources */,
				DADE8CF6232E7D1D0057B0BB /* ExchangeViewController.swift in Sources */,
				DADE8CF5232E7D1D0057B0BB /* WeatherViewController.swift in Sources */,
				DADE8CF9232E7D1D0057B0BB /* ViewController.swift in Sources */,
				DADE8CF7232E7D1D0057B0BB /* LanguageCell.swift in Sources */,
				DADE8CC6232E77720057B0BB /* AppDelegate.swift in Sources */,
			);
			runOnlyForDeploymentPostprocessing = 0;
		};
		DADE8CD2232E77730057B0BB /* Sources */ = {
			isa = PBXSourcesBuildPhase;
			buildActionMask = 2147483647;
			files = (
				DADE8CDB232E77730057B0BB /* RuckSackTests.swift in Sources */,
			);
			runOnlyForDeploymentPostprocessing = 0;
		};
/* End PBXSourcesBuildPhase section */

/* Begin PBXTargetDependency section */
		DADE8CD8232E77730057B0BB /* PBXTargetDependency */ = {
			isa = PBXTargetDependency;
			target = DADE8CC1232E77720057B0BB /* RuckSack */;
			targetProxy = DADE8CD7232E77730057B0BB /* PBXContainerItemProxy */;
		};
/* End PBXTargetDependency section */

/* Begin XCBuildConfiguration section */
		DADE8CDD232E77730057B0BB /* Debug */ = {
			isa = XCBuildConfiguration;
			buildSettings = {
				ALWAYS_SEARCH_USER_PATHS = NO;
				CLANG_ANALYZER_NONNULL = YES;
				CLANG_ANALYZER_NUMBER_OBJECT_CONVERSION = YES_AGGRESSIVE;
				CLANG_CXX_LANGUAGE_STANDARD = "gnu++14";
				CLANG_CXX_LIBRARY = "libc++";
				CLANG_ENABLE_MODULES = YES;
				CLANG_ENABLE_OBJC_ARC = YES;
				CLANG_ENABLE_OBJC_WEAK = YES;
				CLANG_WARN_BLOCK_CAPTURE_AUTORELEASING = YES;
				CLANG_WARN_BOOL_CONVERSION = YES;
				CLANG_WARN_COMMA = YES;
				CLANG_WARN_CONSTANT_CONVERSION = YES;
				CLANG_WARN_DEPRECATED_OBJC_IMPLEMENTATIONS = YES;
				CLANG_WARN_DIRECT_OBJC_ISA_USAGE = YES_ERROR;
				CLANG_WARN_DOCUMENTATION_COMMENTS = YES;
				CLANG_WARN_EMPTY_BODY = YES;
				CLANG_WARN_ENUM_CONVERSION = YES;
				CLANG_WARN_INFINITE_RECURSION = YES;
				CLANG_WARN_INT_CONVERSION = YES;
				CLANG_WARN_NON_LITERAL_NULL_CONVERSION = YES;
				CLANG_WARN_OBJC_IMPLICIT_RETAIN_SELF = YES;
				CLANG_WARN_OBJC_LITERAL_CONVERSION = YES;
				CLANG_WARN_OBJC_ROOT_CLASS = YES_ERROR;
				CLANG_WARN_RANGE_LOOP_ANALYSIS = YES;
				CLANG_WARN_STRICT_PROTOTYPES = YES;
				CLANG_WARN_SUSPICIOUS_MOVE = YES;
				CLANG_WARN_UNGUARDED_AVAILABILITY = YES_AGGRESSIVE;
				CLANG_WARN_UNREACHABLE_CODE = YES;
				CLANG_WARN__DUPLICATE_METHOD_MATCH = YES;
				CODE_SIGN_IDENTITY = "iPhone Developer";
				COPY_PHASE_STRIP = NO;
				DEBUG_INFORMATION_FORMAT = dwarf;
				ENABLE_STRICT_OBJC_MSGSEND = YES;
				ENABLE_TESTABILITY = YES;
				GCC_C_LANGUAGE_STANDARD = gnu11;
				GCC_DYNAMIC_NO_PIC = NO;
				GCC_NO_COMMON_BLOCKS = YES;
				GCC_OPTIMIZATION_LEVEL = 0;
				GCC_PREPROCESSOR_DEFINITIONS = (
					"DEBUG=1",
					"$(inherited)",
				);
				GCC_WARN_64_TO_32_BIT_CONVERSION = YES;
				GCC_WARN_ABOUT_RETURN_TYPE = YES_ERROR;
				GCC_WARN_UNDECLARED_SELECTOR = YES;
				GCC_WARN_UNINITIALIZED_AUTOS = YES_AGGRESSIVE;
				GCC_WARN_UNUSED_FUNCTION = YES;
				GCC_WARN_UNUSED_VARIABLE = YES;
				IPHONEOS_DEPLOYMENT_TARGET = 12.4;
				MTL_ENABLE_DEBUG_INFO = INCLUDE_SOURCE;
				MTL_FAST_MATH = YES;
				ONLY_ACTIVE_ARCH = YES;
				SDKROOT = iphoneos;
				SWIFT_ACTIVE_COMPILATION_CONDITIONS = DEBUG;
				SWIFT_OPTIMIZATION_LEVEL = "-Onone";
			};
			name = Debug;
		};
		DADE8CDE232E77730057B0BB /* Release */ = {
			isa = XCBuildConfiguration;
			buildSettings = {
				ALWAYS_SEARCH_USER_PATHS = NO;
				CLANG_ANALYZER_NONNULL = YES;
				CLANG_ANALYZER_NUMBER_OBJECT_CONVERSION = YES_AGGRESSIVE;
				CLANG_CXX_LANGUAGE_STANDARD = "gnu++14";
				CLANG_CXX_LIBRARY = "libc++";
				CLANG_ENABLE_MODULES = YES;
				CLANG_ENABLE_OBJC_ARC = YES;
				CLANG_ENABLE_OBJC_WEAK = YES;
				CLANG_WARN_BLOCK_CAPTURE_AUTORELEASING = YES;
				CLANG_WARN_BOOL_CONVERSION = YES;
				CLANG_WARN_COMMA = YES;
				CLANG_WARN_CONSTANT_CONVERSION = YES;
				CLANG_WARN_DEPRECATED_OBJC_IMPLEMENTATIONS = YES;
				CLANG_WARN_DIRECT_OBJC_ISA_USAGE = YES_ERROR;
				CLANG_WARN_DOCUMENTATION_COMMENTS = YES;
				CLANG_WARN_EMPTY_BODY = YES;
				CLANG_WARN_ENUM_CONVERSION = YES;
				CLANG_WARN_INFINITE_RECURSION = YES;
				CLANG_WARN_INT_CONVERSION = YES;
				CLANG_WARN_NON_LITERAL_NULL_CONVERSION = YES;
				CLANG_WARN_OBJC_IMPLICIT_RETAIN_SELF = YES;
				CLANG_WARN_OBJC_LITERAL_CONVERSION = YES;
				CLANG_WARN_OBJC_ROOT_CLASS = YES_ERROR;
				CLANG_WARN_RANGE_LOOP_ANALYSIS = YES;
				CLANG_WARN_STRICT_PROTOTYPES = YES;
				CLANG_WARN_SUSPICIOUS_MOVE = YES;
				CLANG_WARN_UNGUARDED_AVAILABILITY = YES_AGGRESSIVE;
				CLANG_WARN_UNREACHABLE_CODE = YES;
				CLANG_WARN__DUPLICATE_METHOD_MATCH = YES;
				CODE_SIGN_IDENTITY = "iPhone Developer";
				COPY_PHASE_STRIP = NO;
				DEBUG_INFORMATION_FORMAT = "dwarf-with-dsym";
				ENABLE_NS_ASSERTIONS = NO;
				ENABLE_STRICT_OBJC_MSGSEND = YES;
				GCC_C_LANGUAGE_STANDARD = gnu11;
				GCC_NO_COMMON_BLOCKS = YES;
				GCC_WARN_64_TO_32_BIT_CONVERSION = YES;
				GCC_WARN_ABOUT_RETURN_TYPE = YES_ERROR;
				GCC_WARN_UNDECLARED_SELECTOR = YES;
				GCC_WARN_UNINITIALIZED_AUTOS = YES_AGGRESSIVE;
				GCC_WARN_UNUSED_FUNCTION = YES;
				GCC_WARN_UNUSED_VARIABLE = YES;
				IPHONEOS_DEPLOYMENT_TARGET = 12.4;
				MTL_ENABLE_DEBUG_INFO = NO;
				MTL_FAST_MATH = YES;
				SDKROOT = iphoneos;
				SWIFT_COMPILATION_MODE = wholemodule;
				SWIFT_OPTIMIZATION_LEVEL = "-O";
				VALIDATE_PRODUCT = YES;
			};
			name = Release;
		};
		DADE8CE0232E77730057B0BB /* Debug */ = {
			isa = XCBuildConfiguration;
			buildSettings = {
				ASSETCATALOG_COMPILER_APPICON_NAME = AppIcon;
				CODE_SIGN_STYLE = Automatic;
				DEVELOPMENT_TEAM = 52T6VV3859;
				INFOPLIST_FILE = RuckSack/Info.plist;
				LD_RUNPATH_SEARCH_PATHS = (
					"$(inherited)",
					"@executable_path/Frameworks",
				);
				PRODUCT_BUNDLE_IDENTIFIER = de.deutschekapital.RuckSack;
				PRODUCT_NAME = "$(TARGET_NAME)";
				SWIFT_VERSION = 5.0;
				TARGETED_DEVICE_FAMILY = "1,2";
			};
			name = Debug;
		};
		DADE8CE1232E77730057B0BB /* Release */ = {
			isa = XCBuildConfiguration;
			buildSettings = {
				ASSETCATALOG_COMPILER_APPICON_NAME = AppIcon;
				CODE_SIGN_STYLE = Automatic;
				DEVELOPMENT_TEAM = 52T6VV3859;
				INFOPLIST_FILE = RuckSack/Info.plist;
				LD_RUNPATH_SEARCH_PATHS = (
					"$(inherited)",
					"@executable_path/Frameworks",
				);
				PRODUCT_BUNDLE_IDENTIFIER = de.deutschekapital.RuckSack;
				PRODUCT_NAME = "$(TARGET_NAME)";
				SWIFT_VERSION = 5.0;
				TARGETED_DEVICE_FAMILY = "1,2";
			};
			name = Release;
		};
		DADE8CE3232E77730057B0BB /* Debug */ = {
			isa = XCBuildConfiguration;
			buildSettings = {
				ALWAYS_EMBED_SWIFT_STANDARD_LIBRARIES = YES;
				BUNDLE_LOADER = "$(TEST_HOST)";
				CODE_SIGN_STYLE = Automatic;
				DEVELOPMENT_TEAM = 52T6VV3859;
				INFOPLIST_FILE = RuckSackTests/Info.plist;
				LD_RUNPATH_SEARCH_PATHS = (
					"$(inherited)",
					"@executable_path/Frameworks",
					"@loader_path/Frameworks",
				);
				PRODUCT_BUNDLE_IDENTIFIER = de.deutschekapital.RuckSackTests;
				PRODUCT_NAME = "$(TARGET_NAME)";
				SWIFT_VERSION = 5.0;
				TARGETED_DEVICE_FAMILY = "1,2";
				TEST_HOST = "$(BUILT_PRODUCTS_DIR)/RuckSack.app/RuckSack";
			};
			name = Debug;
		};
		DADE8CE4232E77730057B0BB /* Release */ = {
			isa = XCBuildConfiguration;
			buildSettings = {
				ALWAYS_EMBED_SWIFT_STANDARD_LIBRARIES = YES;
				BUNDLE_LOADER = "$(TEST_HOST)";
				CODE_SIGN_STYLE = Automatic;
				DEVELOPMENT_TEAM = 52T6VV3859;
				INFOPLIST_FILE = RuckSackTests/Info.plist;
				LD_RUNPATH_SEARCH_PATHS = (
					"$(inherited)",
					"@executable_path/Frameworks",
					"@loader_path/Frameworks",
				);
				PRODUCT_BUNDLE_IDENTIFIER = de.deutschekapital.RuckSackTests;
				PRODUCT_NAME = "$(TARGET_NAME)";
				SWIFT_VERSION = 5.0;
				TARGETED_DEVICE_FAMILY = "1,2";
				TEST_HOST = "$(BUILT_PRODUCTS_DIR)/RuckSack.app/RuckSack";
			};
			name = Release;
		};
/* End XCBuildConfiguration section */

/* Begin XCConfigurationList section */
		DADE8CBD232E77720057B0BB /* Build configuration list for PBXProject "RuckSack" */ = {
			isa = XCConfigurationList;
			buildConfigurations = (
				DADE8CDD232E77730057B0BB /* Debug */,
				DADE8CDE232E77730057B0BB /* Release */,
			);
			defaultConfigurationIsVisible = 0;
			defaultConfigurationName = Release;
		};
		DADE8CDF232E77730057B0BB /* Build configuration list for PBXNativeTarget "RuckSack" */ = {
			isa = XCConfigurationList;
			buildConfigurations = (
				DADE8CE0232E77730057B0BB /* Debug */,
				DADE8CE1232E77730057B0BB /* Release */,
			);
			defaultConfigurationIsVisible = 0;
			defaultConfigurationName = Release;
		};
		DADE8CE2232E77730057B0BB /* Build configuration list for PBXNativeTarget "RuckSackTests" */ = {
			isa = XCConfigurationList;
			buildConfigurations = (
				DADE8CE3232E77730057B0BB /* Debug */,
				DADE8CE4232E77730057B0BB /* Release */,
			);
			defaultConfigurationIsVisible = 0;
			defaultConfigurationName = Release;
		};
/* End XCConfigurationList section */
	};
	rootObject = DADE8CBA232E77720057B0BB /* Project object */;
}
